
Microsoft Visual Studio Solution File, Format Version 12.00
# Visual Studio Version 17
VisualStudioVersion = 17.3.32901.215
MinimumVisualStudioVersion = 10.0.40219.1
Project("{9A19103F-16F7-4668-BE54-9A1E7A4F7556}") = "GiMaster_Helpers", "GIMaster_Helpers\GiMaster_Helpers.csproj", "{60E5EAF0-2B3B-4A77-BC62-406F4F794205}"
EndProject
Project("{9A19103F-16F7-4668-BE54-9A1E7A4F7556}") = "GiMaster_identityServer", "GiMaster_identityServer\GiMaster_identityServer.csproj", "{6AD73BDF-313A-4D9A-88CB-2E03888F761C}"
EndProject
Project("{9A19103F-16F7-4668-BE54-9A1E7A4F7556}") = "Gi_Master_Gateway", "Gi_Master_Gateway\Gi_Master_Gateway.csproj", "{941BED7C-3C9A-476F-A136-A8921968E7BA}"
EndProject
Project("{9A19103F-16F7-4668-BE54-9A1E7A4F7556}") = "GIMaster_Empregados", "GIMaster_Empregados\GIMaster_Empregados.csproj", "{83E475DE-E10F-4F42-A797-85A7D5005EA1}"
EndProject
Project("{9A19103F-16F7-4668-BE54-9A1E7A4F7556}") = "GIMaster_Empresa", "Empresa\GIMaster_Empresa.csproj", "{9B45DBF0-9B68-4FC4-9DEF-58FEEED27E01}"
EndProject
Project("{9A19103F-16F7-4668-BE54-9A1E7A4F7556}") = "Project_GIS_Login", "..\..\ProjetoGis_API_Core06\ProjetoGis_API_Core06\Project_GIS\Project_GIS_Login\Project_GIS_Login.csproj", "{1ED1278E-65BC-4A85-A010-E56BD8C75956}"
EndProject
Project("{2150E333-8FDC-42A3-9474-1A3956D46DE8}") = "FrontEnd", "FrontEnd", "{28C7F7A7-2625-4B23-BBEA-012EFFD6ADBF}"
EndProject
Project("{9A19103F-16F7-4668-BE54-9A1E7A4F7556}") = "GI_Master_FrontEnd", "GI_Master_FrontEnd\GI_Master_FrontEnd.csproj", "{AB58F2D0-F182-42C6-A695-5580CBEACF69}"
EndProject
Global
	GlobalSection(SolutionConfigurationPlatforms) = preSolution
		Debug|Any CPU = Debug|Any CPU
		Release|Any CPU = Release|Any CPU
	EndGlobalSection
	GlobalSection(ProjectConfigurationPlatforms) = postSolution
		{60E5EAF0-2B3B-4A77-BC62-406F4F794205}.Debug|Any CPU.ActiveCfg = Debug|Any CPU
		{60E5EAF0-2B3B-4A77-BC62-406F4F794205}.Debug|Any CPU.Build.0 = Debug|Any CPU
		{60E5EAF0-2B3B-4A77-BC62-406F4F794205}.Release|Any CPU.ActiveCfg = Release|Any CPU
		{60E5EAF0-2B3B-4A77-BC62-406F4F794205}.Release|Any CPU.Build.0 = Release|Any CPU
		{6AD73BDF-313A-4D9A-88CB-2E03888F761C}.Debug|Any CPU.ActiveCfg = Debug|Any CPU
		{6AD73BDF-313A-4D9A-88CB-2E03888F761C}.Debug|Any CPU.Build.0 = Debug|Any CPU
		{6AD73BDF-313A-4D9A-88CB-2E03888F761C}.Release|Any CPU.ActiveCfg = Release|Any CPU
		{6AD73BDF-313A-4D9A-88CB-2E03888F761C}.Release|Any CPU.Build.0 = Release|Any CPU
		{941BED7C-3C9A-476F-A136-A8921968E7BA}.Debug|Any CPU.ActiveCfg = Debug|Any CPU
		{941BED7C-3C9A-476F-A136-A8921968E7BA}.Debug|Any CPU.Build.0 = Debug|Any CPU
		{941BED7C-3C9A-476F-A136-A8921968E7BA}.Release|Any CPU.ActiveCfg = Release|Any CPU
		{941BED7C-3C9A-476F-A136-A8921968E7BA}.Release|Any CPU.Build.0 = Release|Any CPU
		{83E475DE-E10F-4F42-A797-85A7D5005EA1}.Debug|Any CPU.ActiveCfg = Debug|Any CPU
		{83E475DE-E10F-4F42-A797-85A7D5005EA1}.Debug|Any CPU.Build.0 = Debug|Any CPU
		{83E475DE-E10F-4F42-A797-85A7D5005EA1}.Release|Any CPU.ActiveCfg = Release|Any CPU
		{83E475DE-E10F-4F42-A797-85A7D5005EA1}.Release|Any CPU.Build.0 = Release|Any CPU
		{9B45DBF0-9B68-4FC4-9DEF-58FEEED27E01}.Debug|Any CPU.ActiveCfg = Debug|Any CPU
		{9B45DBF0-9B68-4FC4-9DEF-58FEEED27E01}.Debug|Any CPU.Build.0 = Debug|Any CPU
		{9B45DBF0-9B68-4FC4-9DEF-58FEEED27E01}.Release|Any CPU.ActiveCfg = Release|Any CPU
		{9B45DBF0-9B68-4FC4-9DEF-58FEEED27E01}.Release|Any CPU.Build.0 = Release|Any CPU
		{1ED1278E-65BC-4A85-A010-E56BD8C75956}.Debug|Any CPU.ActiveCfg = Debug|Any CPU
		{1ED1278E-65BC-4A85-A010-E56BD8C75956}.Debug|Any CPU.Build.0 = Debug|Any CPU
		{1ED1278E-65BC-4A85-A010-E56BD8C75956}.Release|Any CPU.ActiveCfg = Release|Any CPU
		{1ED1278E-65BC-4A85-A010-E56BD8C75956}.Release|Any CPU.Build.0 = Release|Any CPU
		{AB58F2D0-F182-42C6-A695-5580CBEACF69}.Debug|Any CPU.ActiveCfg = Debug|Any CPU
		{AB58F2D0-F182-42C6-A695-5580CBEACF69}.Debug|Any CPU.Build.0 = Debug|Any CPU
		{AB58F2D0-F182-42C6-A695-5580CBEACF69}.Release|Any CPU.ActiveCfg = Release|Any CPU
		{AB58F2D0-F182-42C6-A695-5580CBEACF69}.Release|Any CPU.Build.0 = Release|Any CPU
	EndGlobalSection
	GlobalSection(SolutionProperties) = preSolution
		HideSolutionNode = FALSE
	EndGlobalSection
	GlobalSection(NestedProjects) = preSolution
		{AB58F2D0-F182-42C6-A695-5580CBEACF69} = {28C7F7A7-2625-4B23-BBEA-012EFFD6ADBF}
	EndGlobalSection
	GlobalSection(ExtensibilityGlobals) = postSolution
		SolutionGuid = {87C3C747-97CF-4B44-99F9-AE66A18038EE}
	EndGlobalSection
EndGlobal
